
Microsoft Visual Studio Solution File, Format Version 12.00
# Visual Studio 15
VisualStudioVersion = 15.0.26430.16
MinimumVisualStudioVersion = 10.0.40219.1
Project("{FAE04EC0-301F-11D3-BF4B-00C04F79EFBC}") = "LaunchDarkly.EventSource.Tests", "test\LaunchDarkly.EventSource.Tests\LaunchDarkly.EventSource.Tests.csproj", "{5F6107FB-8BEF-4636-9FC3-70EB3C9095FA}"
EndProject
Project("{FAE04EC0-301F-11D3-BF4B-00C04F79EFBC}") = "LaunchDarkly.EventSource", "src\LaunchDarkly.EventSource\LaunchDarkly.EventSource.csproj", "{4A78D1AF-516D-4A83-A172-EBA2856DDA2B}"
EndProject
Global
	GlobalSection(SolutionConfigurationPlatforms) = preSolution
		Debug|Any CPU = Debug|Any CPU
		Release|Any CPU = Release|Any CPU
	EndGlobalSection
	GlobalSection(ProjectConfigurationPlatforms) = postSolution
		{5F6107FB-8BEF-4636-9FC3-70EB3C9095FA}.Debug|Any CPU.ActiveCfg = Debug|Any CPU
		{5F6107FB-8BEF-4636-9FC3-70EB3C9095FA}.Debug|Any CPU.Build.0 = Debug|Any CPU
		{5F6107FB-8BEF-4636-9FC3-70EB3C9095FA}.Release|Any CPU.ActiveCfg = Release|Any CPU
		{5F6107FB-8BEF-4636-9FC3-70EB3C9095FA}.Release|Any CPU.Build.0 = Release|Any CPU
		{4A78D1AF-516D-4A83-A172-EBA2856DDA2B}.Debug|Any CPU.ActiveCfg = Debug|Any CPU
		{4A78D1AF-516D-4A83-A172-EBA2856DDA2B}.Debug|Any CPU.Build.0 = Debug|Any CPU
		{4A78D1AF-516D-4A83-A172-EBA2856DDA2B}.Release|Any CPU.ActiveCfg = Release|Any CPU
		{4A78D1AF-516D-4A83-A172-EBA2856DDA2B}.Release|Any CPU.Build.0 = Release|Any CPU
	EndGlobalSection
	GlobalSection(SolutionProperties) = preSolution
		HideSolutionNode = FALSE
	EndGlobalSection
EndGlobal
