
Microsoft Visual Studio Solution File, Format Version 12.00
# Visual Studio 15
VisualStudioVersion = 15.0.26730.16
MinimumVisualStudioVersion = 10.0.40219.1
Project("{9A19103F-16F7-4668-BE54-9A1E7A4F7556}") = "LaunchDarkly.EventSource.Tests", "test\LaunchDarkly.EventSource.Tests\LaunchDarkly.EventSource.Tests.csproj", "{5F6107FB-8BEF-4636-9FC3-70EB3C9095FA}"
EndProject
Project("{9A19103F-16F7-4668-BE54-9A1E7A4F7556}") = "LaunchDarkly.EventSource", "src\LaunchDarkly.EventSource\LaunchDarkly.EventSource.csproj", "{4A78D1AF-516D-4A83-A172-EBA2856DDA2B}"
EndProject
Project("{FAE04EC0-301F-11D3-BF4B-00C04F79EFBC}") = "EventSource-ConsoleApp", "console-app\EventSource-ConsoleApp.csproj", "{8DF879D6-5C73-4447-BEE3-5C920E994413}"
EndProject
Project("{9A19103F-16F7-4668-BE54-9A1E7A4F7556}") = "EventSource-ConsoleApp-DotNetCore", "console-app-dotnetcore\EventSource-ConsoleApp-DotNetCore.csproj", "{19765F43-FF94-43D8-8F15-E25B90BF025E}"
EndProject
Global
	GlobalSection(SolutionConfigurationPlatforms) = preSolution
		Debug|Any CPU = Debug|Any CPU
		Release|Any CPU = Release|Any CPU
	EndGlobalSection
	GlobalSection(ProjectConfigurationPlatforms) = postSolution
		{5F6107FB-8BEF-4636-9FC3-70EB3C9095FA}.Debug|Any CPU.ActiveCfg = Debug|Any CPU
		{5F6107FB-8BEF-4636-9FC3-70EB3C9095FA}.Debug|Any CPU.Build.0 = Debug|Any CPU
		{5F6107FB-8BEF-4636-9FC3-70EB3C9095FA}.Release|Any CPU.ActiveCfg = Release|Any CPU
		{5F6107FB-8BEF-4636-9FC3-70EB3C9095FA}.Release|Any CPU.Build.0 = Release|Any CPU
		{4A78D1AF-516D-4A83-A172-EBA2856DDA2B}.Debug|Any CPU.ActiveCfg = Debug|Any CPU
		{4A78D1AF-516D-4A83-A172-EBA2856DDA2B}.Debug|Any CPU.Build.0 = Debug|Any CPU
		{4A78D1AF-516D-4A83-A172-EBA2856DDA2B}.Release|Any CPU.ActiveCfg = Release|Any CPU
		{4A78D1AF-516D-4A83-A172-EBA2856DDA2B}.Release|Any CPU.Build.0 = Release|Any CPU
		{8DF879D6-5C73-4447-BEE3-5C920E994413}.Debug|Any CPU.ActiveCfg = Debug|Any CPU
		{8DF879D6-5C73-4447-BEE3-5C920E994413}.Debug|Any CPU.Build.0 = Debug|Any CPU
		{8DF879D6-5C73-4447-BEE3-5C920E994413}.Release|Any CPU.ActiveCfg = Release|Any CPU
		{8DF879D6-5C73-4447-BEE3-5C920E994413}.Release|Any CPU.Build.0 = Release|Any CPU
		{19765F43-FF94-43D8-8F15-E25B90BF025E}.Debug|Any CPU.ActiveCfg = Debug|Any CPU
		{19765F43-FF94-43D8-8F15-E25B90BF025E}.Debug|Any CPU.Build.0 = Debug|Any CPU
		{19765F43-FF94-43D8-8F15-E25B90BF025E}.Release|Any CPU.ActiveCfg = Release|Any CPU
		{19765F43-FF94-43D8-8F15-E25B90BF025E}.Release|Any CPU.Build.0 = Release|Any CPU
	EndGlobalSection
	GlobalSection(SolutionProperties) = preSolution
		HideSolutionNode = FALSE
	EndGlobalSection
	GlobalSection(ExtensibilityGlobals) = postSolution
		SolutionGuid = {9F16BE9A-475D-4B82-856B-876A3262B7C4}
	EndGlobalSection
EndGlobal
